Microsoft Visual Studio Solution File, Format Version 12.00
# Visual Studio Version 16
VisualStudioVersion = 16.0.29318.209
MinimumVisualStudioVersion = 10.0.40219.1
Project("{9A19103F-16F7-4668-BE54-9A1E7A4F7556}") = "BadMelon.API", "src\API\BadMelon.API.csproj", "{610896CB-5804-4626-A67E-A780264011C5}"
EndProject
Project("{9A19103F-16F7-4668-BE54-9A1E7A4F7556}") = "BadMelon.Data", "src\Data\BadMelon.Data.csproj", "{043B31FE-4979-474F-A732-216A3C86EA0B}"
EndProject
Project("{9A19103F-16F7-4668-BE54-9A1E7A4F7556}") = "BadMelon.Tests", "tests\BadMelon.Tests.csproj", "{BD36CE5A-F153-4F93-B04C-A89003EB5CA4}"
EndProject
Project("{9A19103F-16F7-4668-BE54-9A1E7A4F7556}") = "BadMelon.Client", "src\Client\BadMelon.Client.csproj", "{1336534B-A780-497E-9D58-9F89AAFF827F}"
EndProject
Global
	GlobalSection(SolutionConfigurationPlatforms) = preSolution
		Debug|Any CPU = Debug|Any CPU
		Release|Any CPU = Release|Any CPU
	EndGlobalSection
	GlobalSection(ProjectConfigurationPlatforms) = postSolution
		{610896CB-5804-4626-A67E-A780264011C5}.Debug|Any CPU.ActiveCfg = Debug|Any CPU
		{610896CB-5804-4626-A67E-A780264011C5}.Debug|Any CPU.Build.0 = Debug|Any CPU
		{610896CB-5804-4626-A67E-A780264011C5}.Release|Any CPU.ActiveCfg = Release|Any CPU
		{610896CB-5804-4626-A67E-A780264011C5}.Release|Any CPU.Build.0 = Release|Any CPU
		{043B31FE-4979-474F-A732-216A3C86EA0B}.Debug|Any CPU.ActiveCfg = Debug|Any CPU
		{043B31FE-4979-474F-A732-216A3C86EA0B}.Debug|Any CPU.Build.0 = Debug|Any CPU
		{043B31FE-4979-474F-A732-216A3C86EA0B}.Release|Any CPU.ActiveCfg = Release|Any CPU
		{043B31FE-4979-474F-A732-216A3C86EA0B}.Release|Any CPU.Build.0 = Release|Any CPU
		{BD36CE5A-F153-4F93-B04C-A89003EB5CA4}.Debug|Any CPU.ActiveCfg = Debug|Any CPU
		{BD36CE5A-F153-4F93-B04C-A89003EB5CA4}.Debug|Any CPU.Build.0 = Debug|Any CPU
		{BD36CE5A-F153-4F93-B04C-A89003EB5CA4}.Release|Any CPU.ActiveCfg = Release|Any CPU
		{BD36CE5A-F153-4F93-B04C-A89003EB5CA4}.Release|Any CPU.Build.0 = Release|Any CPU
		{1336534B-A780-497E-9D58-9F89AAFF827F}.Debug|Any CPU.ActiveCfg = Debug|Any CPU
		{1336534B-A780-497E-9D58-9F89AAFF827F}.Debug|Any CPU.Build.0 = Debug|Any CPU
		{1336534B-A780-497E-9D58-9F89AAFF827F}.Release|Any CPU.ActiveCfg = Release|Any CPU
		{1336534B-A780-497E-9D58-9F89AAFF827F}.Release|Any CPU.Build.0 = Release|Any CPU
	EndGlobalSection
	GlobalSection(SolutionProperties) = preSolution
		HideSolutionNode = FALSE
	EndGlobalSection
	GlobalSection(ExtensibilityGlobals) = postSolution
		SolutionGuid = {0FA62066-594E-42F0-8036-EA6DC11E5C45}
	EndGlobalSection
EndGlobal
